// !$*UTF8*$!
{
	archiveVersion = 1;
	classes = {
	};
	objectVersion = 56;
	objects = {

/* Begin PBXBuildFile section */
		5167961E2AE7E26C00E8612B /* AppDelegate.swift in Sources */ = {isa = PBXBuildFile; fileRef = 5167961D2AE7E26C00E8612B /* AppDelegate.swift */; };
		516796202AE7E26C00E8612B /* SceneDelegate.swift in Sources */ = {isa = PBXBuildFile; fileRef = 5167961F2AE7E26C00E8612B /* SceneDelegate.swift */; };
		516796222AE7E26C00E8612B /* PersonsListTableViewController.swift in Sources */ = {isa = PBXBuildFile; fileRef = 516796212AE7E26C00E8612B /* PersonsListTableViewController.swift */; };
		516796252AE7E26C00E8612B /* Main.storyboard in Resources */ = {isa = PBXBuildFile; fileRef = 516796232AE7E26C00E8612B /* Main.storyboard */; };
		516796272AE7E26E00E8612B /* Assets.xcassets in Resources */ = {isa = PBXBuildFile; fileRef = 516796262AE7E26E00E8612B /* Assets.xcassets */; };
		5167962A2AE7E26E00E8612B /* LaunchScreen.storyboard in Resources */ = {isa = PBXBuildFile; fileRef = 516796282AE7E26E00E8612B /* LaunchScreen.storyboard */; };
		516796372AE7EAB900E8612B /* ContactsTableViewController.swift in Sources */ = {isa = PBXBuildFile; fileRef = 516796362AE7EAB900E8612B /* ContactsTableViewController.swift */; };
		516796392AE7EB0600E8612B /* DetailsViewController.swift in Sources */ = {isa = PBXBuildFile; fileRef = 516796382AE7EB0600E8612B /* DetailsViewController.swift */; };
		5167963B2AE7F11700E8612B /* Person.swift in Sources */ = {isa = PBXBuildFile; fileRef = 5167963A2AE7F11700E8612B /* Person.swift */; };
		5167963D2AE7F2E300E8612B /* DataStore.swift in Sources */ = {isa = PBXBuildFile; fileRef = 5167963C2AE7F2E300E8612B /* DataStore.swift */; };
		516796422AE82F3600E8612B /* TabBarViewController.swift in Sources */ = {isa = PBXBuildFile; fileRef = 516796412AE82F3600E8612B /* TabBarViewController.swift */; };
/* End PBXBuildFile section */

/* Begin PBXFileReference section */
		5167961A2AE7E26C00E8612B /* ContactList.app */ = {isa = PBXFileReference; explicitFileType = wrapper.application; includeInIndex = 0; path = ContactList.app; sourceTree = BUILT_PRODUCTS_DIR; };
		5167961D2AE7E26C00E8612B /* AppDelegate.swift */ = {isa = PBXFileReference; lastKnownFileType = sourcecode.swift; path = AppDelegate.swift; sourceTree = "<group>"; };
		5167961F2AE7E26C00E8612B /* SceneDelegate.swift */ = {isa = PBXFileReference; lastKnownFileType = sourcecode.swift; path = SceneDelegate.swift; sourceTree = "<group>"; };
		516796212AE7E26C00E8612B /* PersonsListTableViewController.swift */ = {isa = PBXFileReference; lastKnownFileType = sourcecode.swift; path = PersonsListTableViewController.swift; sourceTree = "<group>"; };
		516796242AE7E26C00E8612B /* Base */ = {isa = PBXFileReference; lastKnownFileType = file.storyboard; name = Base; path = Base.lproj/Main.storyboard; sourceTree = "<group>"; };
		516796262AE7E26E00E8612B /* Assets.xcassets */ = {isa = PBXFileReference; lastKnownFileType = folder.assetcatalog; path = Assets.xcassets; sourceTree = "<group>"; };
		516796292AE7E26E00E8612B /* Base */ = {isa = PBXFileReference; lastKnownFileType = file.storyboard; name = Base; path = Base.lproj/LaunchScreen.storyboard; sourceTree = "<group>"; };
		5167962B2AE7E26E00E8612B /* Info.plist */ = {isa = PBXFileReference; lastKnownFileType = text.plist.xml; path = Info.plist; sourceTree = "<group>"; };
		516796362AE7EAB900E8612B /* ContactsTableViewController.swift */ = {isa = PBXFileReference; lastKnownFileType = sourcecode.swift; path = ContactsTableViewController.swift; sourceTree = "<group>"; };
		516796382AE7EB0600E8612B /* DetailsViewController.swift */ = {isa = PBXFileReference; lastKnownFileType = sourcecode.swift; path = DetailsViewController.swift; sourceTree = "<group>"; };
		5167963A2AE7F11700E8612B /* Person.swift */ = {isa = PBXFileReference; lastKnownFileType = sourcecode.swift; path = Person.swift; sourceTree = "<group>"; };
		5167963C2AE7F2E300E8612B /* DataStore.swift */ = {isa = PBXFileReference; lastKnownFileType = sourcecode.swift; path = DataStore.swift; sourceTree = "<group>"; };
		516796412AE82F3600E8612B /* TabBarViewController.swift */ = {isa = PBXFileReference; lastKnownFileType = sourcecode.swift; path = TabBarViewController.swift; sourceTree = "<group>"; };
/* End PBXFileReference section */

/* Begin PBXFrameworksBuildPhase section */
		516796172AE7E26C00E8612B /* Frameworks */ = {
			isa = PBXFrameworksBuildPhase;
			buildActionMask = 2147483647;
			files = (
			);
			runOnlyForDeploymentPostprocessing = 0;
		};
/* End PBXFrameworksBuildPhase section */

/* Begin PBXGroup section */
		516796112AE7E26C00E8612B = {
			isa = PBXGroup;
			children = (
				5167961C2AE7E26C00E8612B /* ContactList */,
				5167961B2AE7E26C00E8612B /* Products */,
			);
			sourceTree = "<group>";
		};
		5167961B2AE7E26C00E8612B /* Products */ = {
			isa = PBXGroup;
			children = (
				5167961A2AE7E26C00E8612B /* ContactList.app */,
			);
			name = Products;
			sourceTree = "<group>";
		};
		5167961C2AE7E26C00E8612B /* ContactList */ = {
			isa = PBXGroup;
			children = (
				516796352AE7E35400E8612B /* SupportingFiles */,
				516796342AE7E32100E8612B /* Resourses */,
				516796322AE7E2F200E8612B /* Models */,
				516796332AE7E30000E8612B /* Storyboards */,
				516796312AE7E2D200E8612B /* ViewControllers */,
			);
			path = ContactList;
			sourceTree = "<group>";
		};
		516796312AE7E2D200E8612B /* ViewControllers */ = {
			isa = PBXGroup;
			children = (
				516796212AE7E26C00E8612B /* PersonsListTableViewController.swift */,
				516796362AE7EAB900E8612B /* ContactsTableViewController.swift */,
				516796412AE82F3600E8612B /* TabBarViewController.swift */,
				516796382AE7EB0600E8612B /* DetailsViewController.swift */,
			);
			path = ViewControllers;
			sourceTree = "<group>";
		};
		516796322AE7E2F200E8612B /* Models */ = {
			isa = PBXGroup;
			children = (
				5167963A2AE7F11700E8612B /* Person.swift */,
			);
			path = Models;
			sourceTree = "<group>";
		};
		516796332AE7E30000E8612B /* Storyboards */ = {
			isa = PBXGroup;
			children = (
				516796232AE7E26C00E8612B /* Main.storyboard */,
				516796282AE7E26E00E8612B /* LaunchScreen.storyboard */,
			);
			path = Storyboards;
			sourceTree = "<group>";
		};
		516796342AE7E32100E8612B /* Resourses */ = {
			isa = PBXGroup;
			children = (
				516796262AE7E26E00E8612B /* Assets.xcassets */,
			);
			path = Resourses;
			sourceTree = "<group>";
		};
		516796352AE7E35400E8612B /* SupportingFiles */ = {
			isa = PBXGroup;
			children = (
				5167962B2AE7E26E00E8612B /* Info.plist */,
				5167961D2AE7E26C00E8612B /* AppDelegate.swift */,
				5167961F2AE7E26C00E8612B /* SceneDelegate.swift */,
				5167963C2AE7F2E300E8612B /* DataStore.swift */,
			);
			path = SupportingFiles;
			sourceTree = "<group>";
		};
/* End PBXGroup section */

/* Begin PBXNativeTarget section */
		516796192AE7E26C00E8612B /* ContactList */ = {
			isa = PBXNativeTarget;
			buildConfigurationList = 5167962E2AE7E26E00E8612B /* Build configuration list for PBXNativeTarget "ContactList" */;
			buildPhases = (
				516796162AE7E26C00E8612B /* Sources */,
				516796172AE7E26C00E8612B /* Frameworks */,
				516796182AE7E26C00E8612B /* Resources */,
			);
			buildRules = (
			);
			dependencies = (
			);
			name = ContactList;
			productName = ContactList;
			productReference = 5167961A2AE7E26C00E8612B /* ContactList.app */;
			productType = "com.apple.product-type.application";
		};
/* End PBXNativeTarget section */

/* Begin PBXProject section */
		516796122AE7E26C00E8612B /* Project object */ = {
			isa = PBXProject;
			attributes = {
				BuildIndependentTargetsInParallel = 1;
				LastSwiftUpdateCheck = 1500;
				LastUpgradeCheck = 1500;
				TargetAttributes = {
					516796192AE7E26C00E8612B = {
						CreatedOnToolsVersion = 15.0;
					};
				};
			};
			buildConfigurationList = 516796152AE7E26C00E8612B /* Build configuration list for PBXProject "ContactList" */;
			compatibilityVersion = "Xcode 14.0";
			developmentRegion = en;
			hasScannedForEncodings = 0;
			knownRegions = (
				en,
				Base,
			);
			mainGroup = 516796112AE7E26C00E8612B;
			productRefGroup = 5167961B2AE7E26C00E8612B /* Products */;
			projectDirPath = "";
			projectRoot = "";
			targets = (
				516796192AE7E26C00E8612B /* ContactList */,
			);
		};
/* End PBXProject section */

/* Begin PBXResourcesBuildPhase section */
		516796182AE7E26C00E8612B /* Resources */ = {
			isa = PBXResourcesBuildPhase;
			buildActionMask = 2147483647;
			files = (
				5167962A2AE7E26E00E8612B /* LaunchScreen.storyboard in Resources */,
				516796272AE7E26E00E8612B /* Assets.xcassets in Resources */,
				516796252AE7E26C00E8612B /* Main.storyboard in Resources */,
			);
			runOnlyForDeploymentPostprocessing = 0;
		};
/* End PBXResourcesBuildPhase section */

/* Begin PBXSourcesBuildPhase section */
		516796162AE7E26C00E8612B /* Sources */ = {
			isa = PBXSourcesBuildPhase;
			buildActionMask = 2147483647;
			files = (
				516796422AE82F3600E8612B /* TabBarViewController.swift in Sources */,
				5167963D2AE7F2E300E8612B /* DataStore.swift in Sources */,
				5167963B2AE7F11700E8612B /* Person.swift in Sources */,
				516796222AE7E26C00E8612B /* PersonsListTableViewController.swift in Sources */,
				5167961E2AE7E26C00E8612B /* AppDelegate.swift in Sources */,
				516796372AE7EAB900E8612B /* ContactsTableViewController.swift in Sources */,
				516796202AE7E26C00E8612B /* SceneDelegate.swift in Sources */,
				516796392AE7EB0600E8612B /* DetailsViewController.swift in Sources */,
			);
			runOnlyForDeploymentPostprocessing = 0;
		};
/* End PBXSourcesBuildPhase section */

/* Begin PBXVariantGroup section */
		516796232AE7E26C00E8612B /* Main.storyboard */ = {
			isa = PBXVariantGroup;
			children = (
				516796242AE7E26C00E8612B /* Base */,
			);
			name = Main.storyboard;
			sourceTree = "<group>";
		};
		516796282AE7E26E00E8612B /* LaunchScreen.storyboard */ = {
			isa = PBXVariantGroup;
			children = (
				516796292AE7E26E00E8612B /* Base */,
			);
			name = LaunchScreen.storyboard;
			sourceTree = "<group>";
		};
/* End PBXVariantGroup section */

/* Begin XCBuildConfiguration section */
		5167962C2AE7E26E00E8612B /* Debug */ = {
			isa = XCBuildConfiguration;
			buildSettings = {
				ALWAYS_SEARCH_USER_PATHS = NO;
				ASSETCATALOG_COMPILER_GENERATE_SWIFT_ASSET_SYMBOL_EXTENSIONS = YES;
				CLANG_ANALYZER_NONNULL = YES;
				CLANG_ANALYZER_NUMBER_OBJECT_CONVERSION = YES_AGGRESSIVE;
				CLANG_CXX_LANGUAGE_STANDARD = "gnu++20";
				CLANG_ENABLE_MODULES = YES;
				CLANG_ENABLE_OBJC_ARC = YES;
				CLANG_ENABLE_OBJC_WEAK = YES;
				CLANG_WARN_BLOCK_CAPTURE_AUTORELEASING = YES;
				CLANG_WARN_BOOL_CONVERSION = YES;
				CLANG_WARN_COMMA = YES;
				CLANG_WARN_CONSTANT_CONVERSION = YES;
				CLANG_WARN_DEPRECATED_OBJC_IMPLEMENTATIONS = YES;
				CLANG_WARN_DIRECT_OBJC_ISA_USAGE = YES_ERROR;
				CLANG_WARN_DOCUMENTATION_COMMENTS = YES;
				CLANG_WARN_EMPTY_BODY = YES;
				CLANG_WARN_ENUM_CONVERSION = YES;
				CLANG_WARN_INFINITE_RECURSION = YES;
				CLANG_WARN_INT_CONVERSION = YES;
				CLANG_WARN_NON_LITERAL_NULL_CONVERSION = YES;
				CLANG_WARN_OBJC_IMPLICIT_RETAIN_SELF = YES;
				CLANG_WARN_OBJC_LITERAL_CONVERSION = YES;
				CLANG_WARN_OBJC_ROOT_CLASS = YES_ERROR;
				CLANG_WARN_QUOTED_INCLUDE_IN_FRAMEWORK_HEADER = YES;
				CLANG_WARN_RANGE_LOOP_ANALYSIS = YES;
				CLANG_WARN_STRICT_PROTOTYPES = YES;
				CLANG_WARN_SUSPICIOUS_MOVE = YES;
				CLANG_WARN_UNGUARDED_AVAILABILITY = YES_AGGRESSIVE;
				CLANG_WARN_UNREACHABLE_CODE = YES;
				CLANG_WARN__DUPLICATE_METHOD_MATCH = YES;
				COPY_PHASE_STRIP = NO;
				DEBUG_INFORMATION_FORMAT = dwarf;
				ENABLE_STRICT_OBJC_MSGSEND = YES;
				ENABLE_TESTABILITY = YES;
				ENABLE_USER_SCRIPT_SANDBOXING = YES;
				GCC_C_LANGUAGE_STANDARD = gnu17;
				GCC_DYNAMIC_NO_PIC = NO;
				GCC_NO_COMMON_BLOCKS = YES;
				GCC_OPTIMIZATION_LEVEL = 0;
				GCC_PREPROCESSOR_DEFINITIONS = (
					"DEBUG=1",
					"$(inherited)",
				);
				GCC_WARN_64_TO_32_BIT_CONVERSION = YES;
				GCC_WARN_ABOUT_RETURN_TYPE = YES_ERROR;
				GCC_WARN_UNDECLARED_SELECTOR = YES;
				GCC_WARN_UNINITIALIZED_AUTOS = YES_AGGRESSIVE;
				GCC_WARN_UNUSED_FUNCTION = YES;
				GCC_WARN_UNUSED_VARIABLE = YES;
				IPHONEOS_DEPLOYMENT_TARGET = 17.0;
				LOCALIZATION_PREFERS_STRING_CATALOGS = YES;
				MTL_ENABLE_DEBUG_INFO = INCLUDE_SOURCE;
				MTL_FAST_MATH = YES;
				ONLY_ACTIVE_ARCH = YES;
				SDKROOT = iphoneos;
				SWIFT_ACTIVE_COMPILATION_CONDITIONS = "DEBUG $(inherited)";
				SWIFT_OPTIMIZATION_LEVEL = "-Onone";
			};
			name = Debug;
		};
		5167962D2AE7E26E00E8612B /* Release */ = {
			isa = XCBuildConfiguration;
			buildSettings = {
				ALWAYS_SEARCH_USER_PATHS = NO;
				ASSETCATALOG_COMPILER_GENERATE_SWIFT_ASSET_SYMBOL_EXTENSIONS = YES;
				CLANG_ANALYZER_NONNULL = YES;
				CLANG_ANALYZER_NUMBER_OBJECT_CONVERSION = YES_AGGRESSIVE;
				CLANG_CXX_LANGUAGE_STANDARD = "gnu++20";
				CLANG_ENABLE_MODULES = YES;
				CLANG_ENABLE_OBJC_ARC = YES;
				CLANG_ENABLE_OBJC_WEAK = YES;
				CLANG_WARN_BLOCK_CAPTURE_AUTORELEASING = YES;
				CLANG_WARN_BOOL_CONVERSION = YES;
				CLANG_WARN_COMMA = YES;
				CLANG_WARN_CONSTANT_CONVERSION = YES;
				CLANG_WARN_DEPRECATED_OBJC_IMPLEMENTATIONS = YES;
				CLANG_WARN_DIRECT_OBJC_ISA_USAGE = YES_ERROR;
				CLANG_WARN_DOCUMENTATION_COMMENTS = YES;
				CLANG_WARN_EMPTY_BODY = YES;
				CLANG_WARN_ENUM_CONVERSION = YES;
				CLANG_WARN_INFINITE_RECURSION = YES;
				CLANG_WARN_INT_CONVERSION = YES;
				CLANG_WARN_NON_LITERAL_NULL_CONVERSION = YES;
				CLANG_WARN_OBJC_IMPLICIT_RETAIN_SELF = YES;
				CLANG_WARN_OBJC_LITERAL_CONVERSION = YES;
				CLANG_WARN_OBJC_ROOT_CLASS = YES_ERROR;
				CLANG_WARN_QUOTED_INCLUDE_IN_FRAMEWORK_HEADER = YES;
				CLANG_WARN_RANGE_LOOP_ANALYSIS = YES;
				CLANG_WARN_STRICT_PROTOTYPES = YES;
				CLANG_WARN_SUSPICIOUS_MOVE = YES;
				CLANG_WARN_UNGUARDED_AVAILABILITY = YES_AGGRESSIVE;
				CLANG_WARN_UNREACHABLE_CODE = YES;
				CLANG_WARN__DUPLICATE_METHOD_MATCH = YES;
				COPY_PHASE_STRIP = NO;
				DEBUG_INFORMATION_FORMAT = "dwarf-with-dsym";
				ENABLE_NS_ASSERTIONS = NO;
				ENABLE_STRICT_OBJC_MSGSEND = YES;
				ENABLE_USER_SCRIPT_SANDBOXING = YES;
				GCC_C_LANGUAGE_STANDARD = gnu17;
				GCC_NO_COMMON_BLOCKS = YES;
				GCC_WARN_64_TO_32_BIT_CONVERSION = YES;
				GCC_WARN_ABOUT_RETURN_TYPE = YES_ERROR;
				GCC_WARN_UNDECLARED_SELECTOR = YES;
				GCC_WARN_UNINITIALIZED_AUTOS = YES_AGGRESSIVE;
				GCC_WARN_UNUSED_FUNCTION = YES;
				GCC_WARN_UNUSED_VARIABLE = YES;
				IPHONEOS_DEPLOYMENT_TARGET = 17.0;
				LOCALIZATION_PREFERS_STRING_CATALOGS = YES;
				MTL_ENABLE_DEBUG_INFO = NO;
				MTL_FAST_MATH = YES;
				SDKROOT = iphoneos;
				SWIFT_COMPILATION_MODE = wholemodule;
				VALIDATE_PRODUCT = YES;
			};
			name = Release;
		};
		5167962F2AE7E26E00E8612B /* Debug */ = {
			isa = XCBuildConfiguration;
			buildSettings = {
				ASSETCATALOG_COMPILER_APPICON_NAME = AppIcon;
				ASSETCATALOG_COMPILER_GLOBAL_ACCENT_COLOR_NAME = AccentColor;
				CODE_SIGN_STYLE = Automatic;
				CURRENT_PROJECT_VERSION = 1;
				DEVELOPMENT_TEAM = JB5FMNJGAE;
				GENERATE_INFOPLIST_FILE = YES;
				INFOPLIST_FILE = ContactList/SupportingFiles/Info.plist;
				INFOPLIST_KEY_UIApplicationSupportsIndirectInputEvents = YES;
				INFOPLIST_KEY_UILaunchStoryboardName = LaunchScreen;
				INFOPLIST_KEY_UIMainStoryboardFile = Main;
				INFOPLIST_KEY_UISupportedInterfaceOrientations = UIInterfaceOrientationPortrait;
				INFOPLIST_KEY_UISupportedInterfaceOrientations_iPad = "UIInterfaceOrientationLandscapeLeft UIInterfaceOrientationLandscapeRight UIInterfaceOrientationPortrait UIInterfaceOrientationPortraitUpsideDown";
				IPHONEOS_DEPLOYMENT_TARGET = 15.0;
				LD_RUNPATH_SEARCH_PATHS = (
					"$(inherited)",
					"@executable_path/Frameworks",
				);
				MARKETING_VERSION = 1.0;
				PRODUCT_BUNDLE_IDENTIFIER = NickolaiGrachev.ContactList;
				PRODUCT_NAME = "$(TARGET_NAME)";
				SUPPORTED_PLATFORMS = "iphoneos iphonesimulator";
				SUPPORTS_MACCATALYST = NO;
				SUPPORTS_MAC_DESIGNED_FOR_IPHONE_IPAD = NO;
				SWIFT_EMIT_LOC_STRINGS = YES;
				SWIFT_VERSION = 5.0;
				TARGETED_DEVICE_FAMILY = 1;
			};
			name = Debug;
		};
		516796302AE7E26E00E8612B /* Release */ = {
			isa = XCBuildConfiguration;
			buildSettings = {
				ASSETCATALOG_COMPILER_APPICON_NAME = AppIcon;
				ASSETCATALOG_COMPILER_GLOBAL_ACCENT_COLOR_NAME = AccentColor;
				CODE_SIGN_STYLE = Automatic;
				CURRENT_PROJECT_VERSION = 1;
				DEVELOPMENT_TEAM = JB5FMNJGAE;
				GENERATE_INFOPLIST_FILE = YES;
				INFOPLIST_FILE = ContactList/SupportingFiles/Info.plist;
				INFOPLIST_KEY_UIApplicationSupportsIndirectInputEvents = YES;
				INFOPLIST_KEY_UILaunchStoryboardName = LaunchScreen;
				INFOPLIST_KEY_UIMainStoryboardFile = Main;
				INFOPLIST_KEY_UISupportedInterfaceOrientations = UIInterfaceOrientationPortrait;
				INFOPLIST_KEY_UISupportedInterfaceOrientations_iPad = "UIInterfaceOrientationLandscapeLeft UIInterfaceOrientationLandscapeRight UIInterfaceOrientationPortrait UIInterfaceOrientationPortraitUpsideDown";
				IPHONEOS_DEPLOYMENT_TARGET = 15.0;
				LD_RUNPATH_SEARCH_PATHS = (
					"$(inherited)",
					"@executable_path/Frameworks",
				);
				MARKETING_VERSION = 1.0;
				PRODUCT_BUNDLE_IDENTIFIER = NickolaiGrachev.ContactList;
				PRODUCT_NAME = "$(TARGET_NAME)";
				SUPPORTED_PLATFORMS = "iphoneos iphonesimulator";
				SUPPORTS_MACCATALYST = NO;
				SUPPORTS_MAC_DESIGNED_FOR_IPHONE_IPAD = NO;
				SWIFT_EMIT_LOC_STRINGS = YES;
				SWIFT_VERSION = 5.0;
				TARGETED_DEVICE_FAMILY = 1;
			};
			name = Release;
		};
/* End XCBuildConfiguration section */

/* Begin XCConfigurationList section */
		516796152AE7E26C00E8612B /* Build configuration list for PBXProject "ContactList" */ = {
			isa = XCConfigurationList;
			buildConfigurations = (
				5167962C2AE7E26E00E8612B /* Debug */,
				5167962D2AE7E26E00E8612B /* Release */,
			);
			defaultConfigurationIsVisible = 0;
			defaultConfigurationName = Release;
		};
		5167962E2AE7E26E00E8612B /* Build configuration list for PBXNativeTarget "ContactList" */ = {
			isa = XCConfigurationList;
			buildConfigurations = (
				5167962F2AE7E26E00E8612B /* Debug */,
				516796302AE7E26E00E8612B /* Release */,
			);
			defaultConfigurationIsVisible = 0;
			defaultConfigurationName = Release;
		};
/* End XCConfigurationList section */
	};
	rootObject = 516796122AE7E26C00E8612B /* Project object */;
}
